// !$*UTF8*$!
{
	archiveVersion = 1;
	classes = {
	};
	objectVersion = 77;
	objects = {

/* Begin PBXContainerItemProxy section */
		9B05E4A52E82F25D00FC187E /* PBXContainerItemProxy */ = {
			isa = PBXContainerItemProxy;
			containerPortal = 9B05E48F2E82F25A00FC187E /* Project object */;
			proxyType = 1;
			remoteGlobalIDString = 9B05E4962E82F25A00FC187E;
			remoteInfo = NoteUpLoader;
		};
		9B05E4AF2E82F25D00FC187E /* PBXContainerItemProxy */ = {
			isa = PBXContainerItemProxy;
			containerPortal = 9B05E48F2E82F25A00FC187E /* Project object */;
			proxyType = 1;
			remoteGlobalIDString = 9B05E4962E82F25A00FC187E;
			remoteInfo = NoteUpLoader;
		};
/* End PBXContainerItemProxy section */

/* Begin PBXFileReference section */
		9B05E4972E82F25A00FC187E /* NoteUpLoader.app */ = {isa = PBXFileReference; explicitFileType = wrapper.application; includeInIndex = 0; path = NoteUpLoader.app; sourceTree = BUILT_PRODUCTS_DIR; };
		9B05E4A42E82F25D00FC187E /* NoteUpLoaderTests.xctest */ = {isa = PBXFileReference; explicitFileType = wrapper.cfbundle; includeInIndex = 0; path = NoteUpLoaderTests.xctest; sourceTree = BUILT_PRODUCTS_DIR; };
		9B05E4AE2E82F25D00FC187E /* NoteUpLoaderUITests.xctest */ = {isa = PBXFileReference; explicitFileType = wrapper.cfbundle; includeInIndex = 0; path = NoteUpLoaderUITests.xctest; sourceTree = BUILT_PRODUCTS_DIR; };
/* End PBXFileReference section */

/* Begin PBXFileSystemSynchronizedRootGroup section */
		9B05E4992E82F25A00FC187E /* NoteUpLoader */ = {
			isa = PBXFileSystemSynchronizedRootGroup;
			path = NoteUpLoader;
			sourceTree = "<group>";
		};
		9B05E4A72E82F25D00FC187E /* NoteUpLoaderTests */ = {
			isa = PBXFileSystemSynchronizedRootGroup;
			path = NoteUpLoaderTests;
			sourceTree = "<group>";
		};
		9B05E4B12E82F25D00FC187E /* NoteUpLoaderUITests */ = {
			isa = PBXFileSystemSynchronizedRootGroup;
			path = NoteUpLoaderUITests;
			sourceTree = "<group>";
		};
/* End PBXFileSystemSynchronizedRootGroup section */

/* Begin PBXFrameworksBuildPhase section */
		9B05E4942E82F25A00FC187E /* Frameworks */ = {
			isa = PBXFrameworksBuildPhase;
			buildActionMask = 2147483647;
			files = (
			);
			runOnlyForDeploymentPostprocessing = 0;
		};
		9B05E4A12E82F25D00FC187E /* Frameworks */ = {
			isa = PBXFrameworksBuildPhase;
			buildActionMask = 2147483647;
			files = (
			);
			runOnlyForDeploymentPostprocessing = 0;
		};
		9B05E4AB2E82F25D00FC187E /* Frameworks */ = {
			isa = PBXFrameworksBuildPhase;
			buildActionMask = 2147483647;
			files = (
			);
			runOnlyForDeploymentPostprocessing = 0;
		};
/* End PBXFrameworksBuildPhase section */

/* Begin PBXGroup section */
		9B05E48E2E82F25A00FC187E = {
			isa = PBXGroup;
			children = (
				9B05E4992E82F25A00FC187E /* NoteUpLoader */,
				9B05E4A72E82F25D00FC187E /* NoteUpLoaderTests */,
				9B05E4B12E82F25D00FC187E /* NoteUpLoaderUITests */,
				9B05E4982E82F25A00FC187E /* Products */,
			);
			sourceTree = "<group>";
		};
		9B05E4982E82F25A00FC187E /* Products */ = {
			isa = PBXGroup;
			children = (
				9B05E4972E82F25A00FC187E /* NoteUpLoader.app */,
				9B05E4A42E82F25D00FC187E /* NoteUpLoaderTests.xctest */,
				9B05E4AE2E82F25D00FC187E /* NoteUpLoaderUITests.xctest */,
			);
			name = Products;
			sourceTree = "<group>";
		};
/* End PBXGroup section */

/* Begin PBXNativeTarget section */
		9B05E4962E82F25A00FC187E /* NoteUpLoader */ = {
			isa = PBXNativeTarget;
			buildConfigurationList = 9B05E4B82E82F25D00FC187E /* Build configuration list for PBXNativeTarget "NoteUpLoader" */;
			buildPhases = (
				9B05E4932E82F25A00FC187E /* Sources */,
				9B05E4942E82F25A00FC187E /* Frameworks */,
				9B05E4952E82F25A00FC187E /* Resources */,
			);
			buildRules = (
			);
			dependencies = (
			);
			fileSystemSynchronizedGroups = (
				9B05E4992E82F25A00FC187E /* NoteUpLoader */,
			);
			name = NoteUpLoader;
			packageProductDependencies = (
			);
			productName = NoteUpLoader;
			productReference = 9B05E4972E82F25A00FC187E /* NoteUpLoader.app */;
			productType = "com.apple.product-type.application";
		};
		9B05E4A32E82F25D00FC187E /* NoteUpLoaderTests */ = {
			isa = PBXNativeTarget;
			buildConfigurationList = 9B05E4BB2E82F25D00FC187E /* Build configuration list for PBXNativeTarget "NoteUpLoaderTests" */;
			buildPhases = (
				9B05E4A02E82F25D00FC187E /* Sources */,
				9B05E4A12E82F25D00FC187E /* Frameworks */,
				9B05E4A22E82F25D00FC187E /* Resources */,
			);
			buildRules = (
			);
			dependencies = (
				9B05E4A62E82F25D00FC187E /* PBXTargetDependency */,
			);
			fileSystemSynchronizedGroups = (
				9B05E4A72E82F25D00FC187E /* NoteUpLoaderTests */,
			);
			name = NoteUpLoaderTests;
			packageProductDependencies = (
			);
			productName = NoteUpLoaderTests;
			productReference = 9B05E4A42E82F25D00FC187E /* NoteUpLoaderTests.xctest */;
			productType = "com.apple.product-type.bundle.unit-test";
		};
		9B05E4AD2E82F25D00FC187E /* NoteUpLoaderUITests */ = {
			isa = PBXNativeTarget;
			buildConfigurationList = 9B05E4BE2E82F25D00FC187E /* Build configuration list for PBXNativeTarget "NoteUpLoaderUITests" */;
			buildPhases = (
				9B05E4AA2E82F25D00FC187E /* Sources */,
				9B05E4AB2E82F25D00FC187E /* Frameworks */,
				9B05E4AC2E82F25D00FC187E /* Resources */,
			);
			buildRules = (
			);
			dependencies = (
				9B05E4B02E82F25D00FC187E /* PBXTargetDependency */,
			);
			fileSystemSynchronizedGroups = (
				9B05E4B12E82F25D00FC187E /* NoteUpLoaderUITests */,
			);
			name = NoteUpLoaderUITests;
			packageProductDependencies = (
			);
			productName = NoteUpLoaderUITests;
			productReference = 9B05E4AE2E82F25D00FC187E /* NoteUpLoaderUITests.xctest */;
			productType = "com.apple.product-type.bundle.ui-testing";
		};
/* End PBXNativeTarget section */

/* Begin PBXProject section */
		9B05E48F2E82F25A00FC187E /* Project object */ = {
			isa = PBXProject;
			attributes = {
				BuildIndependentTargetsInParallel = 1;
				LastSwiftUpdateCheck = 1640;
				LastUpgradeCheck = 1640;
				TargetAttributes = {
					9B05E4962E82F25A00FC187E = {
						CreatedOnToolsVersion = 16.4;
					};
					9B05E4A32E82F25D00FC187E = {
						CreatedOnToolsVersion = 16.4;
						TestTargetID = 9B05E4962E82F25A00FC187E;
					};
					9B05E4AD2E82F25D00FC187E = {
						CreatedOnToolsVersion = 16.4;
						TestTargetID = 9B05E4962E82F25A00FC187E;
					};
				};
			};
			buildConfigurationList = 9B05E4922E82F25A00FC187E /* Build configuration list for PBXProject "NoteUpLoader" */;
			developmentRegion = en;
			hasScannedForEncodings = 0;
			knownRegions = (
				en,
				Base,
			);
			mainGroup = 9B05E48E2E82F25A00FC187E;
			minimizedProjectReferenceProxies = 1;
			preferredProjectObjectVersion = 77;
			productRefGroup = 9B05E4982E82F25A00FC187E /* Products */;
			projectDirPath = "";
			projectRoot = "";
			targets = (
				9B05E4962E82F25A00FC187E /* NoteUpLoader */,
				9B05E4A32E82F25D00FC187E /* NoteUpLoaderTests */,
				9B05E4AD2E82F25D00FC187E /* NoteUpLoaderUITests */,
			);
		};
/* End PBXProject section */

/* Begin PBXResourcesBuildPhase section */
		9B05E4952E82F25A00FC187E /* Resources */ = {
			isa = PBXResourcesBuildPhase;
			buildActionMask = 2147483647;
			files = (
			);
			runOnlyForDeploymentPostprocessing = 0;
		};
		9B05E4A22E82F25D00FC187E /* Resources */ = {
			isa = PBXResourcesBuildPhase;
			buildActionMask = 2147483647;
			files = (
			);
			runOnlyForDeploymentPostprocessing = 0;
		};
		9B05E4AC2E82F25D00FC187E /* Resources */ = {
			isa = PBXResourcesBuildPhase;
			buildActionMask = 2147483647;
			files = (
			);
			runOnlyForDeploymentPostprocessing = 0;
		};
/* End PBXResourcesBuildPhase section */

/* Begin PBXSourcesBuildPhase section */
		9B05E4932E82F25A00FC187E /* Sources */ = {
			isa = PBXSourcesBuildPhase;
			buildActionMask = 2147483647;
			files = (
			);
			runOnlyForDeploymentPostprocessing = 0;
		};
		9B05E4A02E82F25D00FC187E /* Sources */ = {
			isa = PBXSourcesBuildPhase;
			buildActionMask = 2147483647;
			files = (
			);
			runOnlyForDeploymentPostprocessing = 0;
		};
		9B05E4AA2E82F25D00FC187E /* Sources */ = {
			isa = PBXSourcesBuildPhase;
			buildActionMask = 2147483647;
			files = (
			);
			runOnlyForDeploymentPostprocessing = 0;
		};
/* End PBXSourcesBuildPhase section */

/* Begin PBXTargetDependency section */
		9B05E4A62E82F25D00FC187E /* PBXTargetDependency */ = {
			isa = PBXTargetDependency;
			target = 9B05E4962E82F25A00FC187E /* NoteUpLoader */;
			targetProxy = 9B05E4A52E82F25D00FC187E /* PBXContainerItemProxy */;
		};
		9B05E4B02E82F25D00FC187E /* PBXTargetDependency */ = {
			isa = PBXTargetDependency;
			target = 9B05E4962E82F25A00FC187E /* NoteUpLoader */;
			targetProxy = 9B05E4AF2E82F25D00FC187E /* PBXContainerItemProxy */;
		};
/* End PBXTargetDependency section */

/* Begin XCBuildConfiguration section */
		9B05E4B62E82F25D00FC187E /* Debug */ = {
			isa = XCBuildConfiguration;
			buildSettings = {
				ALWAYS_SEARCH_USER_PATHS = NO;
				ASSETCATALOG_COMPILER_GENERATE_SWIFT_ASSET_SYMBOL_EXTENSIONS = YES;
				CLANG_ANALYZER_NONNULL = YES;
				CLANG_ANALYZER_NUMBER_OBJECT_CONVERSION = YES_AGGRESSIVE;
				CLANG_CXX_LANGUAGE_STANDARD = "gnu++20";
				CLANG_ENABLE_MODULES = YES;
				CLANG_ENABLE_OBJC_ARC = YES;
				CLANG_ENABLE_OBJC_WEAK = YES;
				CLANG_WARN_BLOCK_CAPTURE_AUTORELEASING = YES;
				CLANG_WARN_BOOL_CONVERSION = YES;
				CLANG_WARN_COMMA = YES;
				CLANG_WARN_CONSTANT_CONVERSION = YES;
				CLANG_WARN_DEPRECATED_OBJC_IMPLEMENTATIONS = YES;
				CLANG_WARN_DIRECT_OBJC_ISA_USAGE = YES_ERROR;
				CLANG_WARN_DOCUMENTATION_COMMENTS = YES;
				CLANG_WARN_EMPTY_BODY = YES;
				CLANG_WARN_ENUM_CONVERSION = YES;
				CLANG_WARN_INFINITE_RECURSION = YES;
				CLANG_WARN_INT_CONVERSION = YES;
				CLANG_WARN_NON_LITERAL_NULL_CONVERSION = YES;
				CLANG_WARN_OBJC_IMPLICIT_RETAIN_SELF = YES;
				CLANG_WARN_OBJC_LITERAL_CONVERSION = YES;
				CLANG_WARN_OBJC_ROOT_CLASS = YES_ERROR;
				CLANG_WARN_QUOTED_INCLUDE_IN_FRAMEWORK_HEADER = YES;
				CLANG_WARN_RANGE_LOOP_ANALYSIS = YES;
				CLANG_WARN_STRICT_PROTOTYPES = YES;
				CLANG_WARN_SUSPICIOUS_MOVE = YES;
				CLANG_WARN_UNGUARDED_AVAILABILITY = YES_AGGRESSIVE;
				CLANG_WARN_UNREACHABLE_CODE = YES;
				CLANG_WARN__DUPLICATE_METHOD_MATCH = YES;
				COPY_PHASE_STRIP = NO;
				DEBUG_INFORMATION_FORMAT = dwarf;
				ENABLE_STRICT_OBJC_MSGSEND = YES;
				ENABLE_TESTABILITY = YES;
				ENABLE_USER_SCRIPT_SANDBOXING = YES;
				GCC_C_LANGUAGE_STANDARD = gnu17;
				GCC_DYNAMIC_NO_PIC = NO;
				GCC_NO_COMMON_BLOCKS = YES;
				GCC_OPTIMIZATION_LEVEL = 0;
				GCC_PREPROCESSOR_DEFINITIONS = (
					"DEBUG=1",
					"$(inherited)",
				);
				GCC_WARN_64_TO_32_BIT_CONVERSION = YES;
				GCC_WARN_ABOUT_RETURN_TYPE = YES_ERROR;
				GCC_WARN_UNDECLARED_SELECTOR = YES;
				GCC_WARN_UNINITIALIZED_AUTOS = YES_AGGRESSIVE;
				GCC_WARN_UNUSED_FUNCTION = YES;
				GCC_WARN_UNUSED_VARIABLE = YES;
				IPHONEOS_DEPLOYMENT_TARGET = 18.5;
				LOCALIZATION_PREFERS_STRING_CATALOGS = YES;
				MTL_ENABLE_DEBUG_INFO = INCLUDE_SOURCE;
				MTL_FAST_MATH = YES;
				ONLY_ACTIVE_ARCH = YES;
				SDKROOT = iphoneos;
				SWIFT_ACTIVE_COMPILATION_CONDITIONS = "DEBUG $(inherited)";
				SWIFT_OPTIMIZATION_LEVEL = "-Onone";
			};
			name = Debug;
		};
		9B05E4B72E82F25D00FC187E /* Release */ = {
			isa = XCBuildConfiguration;
			buildSettings = {
				ALWAYS_SEARCH_USER_PATHS = NO;
				ASSETCATALOG_COMPILER_GENERATE_SWIFT_ASSET_SYMBOL_EXTENSIONS = YES;
				CLANG_ANALYZER_NONNULL = YES;
				CLANG_ANALYZER_NUMBER_OBJECT_CONVERSION = YES_AGGRESSIVE;
				CLANG_CXX_LANGUAGE_STANDARD = "gnu++20";
				CLANG_ENABLE_MODULES = YES;
				CLANG_ENABLE_OBJC_ARC = YES;
				CLANG_ENABLE_OBJC_WEAK = YES;
				CLANG_WARN_BLOCK_CAPTURE_AUTORELEASING = YES;
				CLANG_WARN_BOOL_CONVERSION = YES;
				CLANG_WARN_COMMA = YES;
				CLANG_WARN_CONSTANT_CONVERSION = YES;
				CLANG_WARN_DEPRECATED_OBJC_IMPLEMENTATIONS = YES;
				CLANG_WARN_DIRECT_OBJC_ISA_USAGE = YES_ERROR;
				CLANG_WARN_DOCUMENTATION_COMMENTS = YES;
				CLANG_WARN_EMPTY_BODY = YES;
				CLANG_WARN_ENUM_CONVERSION = YES;
				CLANG_WARN_INFINITE_RECURSION = YES;
				CLANG_WARN_INT_CONVERSION = YES;
				CLANG_WARN_NON_LITERAL_NULL_CONVERSION = YES;
				CLANG_WARN_OBJC_IMPLICIT_RETAIN_SELF = YES;
				CLANG_WARN_OBJC_LITERAL_CONVERSION = YES;
				CLANG_WARN_OBJC_ROOT_CLASS = YES_ERROR;
				CLANG_WARN_QUOTED_INCLUDE_IN_FRAMEWORK_HEADER = YES;
				CLANG_WARN_RANGE_LOOP_ANALYSIS = YES;
				CLANG_WARN_STRICT_PROTOTYPES = YES;
				CLANG_WARN_SUSPICIOUS_MOVE = YES;
				CLANG_WARN_UNGUARDED_AVAILABILITY = YES_AGGRESSIVE;
				CLANG_WARN_UNREACHABLE_CODE = YES;
				CLANG_WARN__DUPLICATE_METHOD_MATCH = YES;
				COPY_PHASE_STRIP = NO;
				DEBUG_INFORMATION_FORMAT = "dwarf-with-dsym";
				ENABLE_NS_ASSERTIONS = NO;
				ENABLE_STRICT_OBJC_MSGSEND = YES;
				ENABLE_USER_SCRIPT_SANDBOXING = YES;
				GCC_C_LANGUAGE_STANDARD = gnu17;
				GCC_NO_COMMON_BLOCKS = YES;
				GCC_WARN_64_TO_32_BIT_CONVERSION = YES;
				GCC_WARN_ABOUT_RETURN_TYPE = YES_ERROR;
				GCC_WARN_UNDECLARED_SELECTOR = YES;
				GCC_WARN_UNINITIALIZED_AUTOS = YES_AGGRESSIVE;
				GCC_WARN_UNUSED_FUNCTION = YES;
				GCC_WARN_UNUSED_VARIABLE = YES;
				IPHONEOS_DEPLOYMENT_TARGET = 18.5;
				LOCALIZATION_PREFERS_STRING_CATALOGS = YES;
				MTL_ENABLE_DEBUG_INFO = NO;
				MTL_FAST_MATH = YES;
				SDKROOT = iphoneos;
				SWIFT_COMPILATION_MODE = wholemodule;
				VALIDATE_PRODUCT = YES;
			};
			name = Release;
		};
		9B05E4B92E82F25D00FC187E /* Debug */ = {
			isa = XCBuildConfiguration;
			buildSettings = {
				ASSETCATALOG_COMPILER_APPICON_NAME = AppIcon;
				ASSETCATALOG_COMPILER_GLOBAL_ACCENT_COLOR_NAME = AccentColor;
				CODE_SIGN_STYLE = Automatic;
				CURRENT_PROJECT_VERSION = 1;
				ENABLE_PREVIEWS = YES;
				GENERATE_INFOPLIST_FILE = YES;
				INFOPLIST_KEY_UIApplicationSceneManifest_Generation = YES;
				INFOPLIST_KEY_UIApplicationSupportsIndirectInputEvents = YES;
				INFOPLIST_KEY_UILaunchScreen_Generation = YES;
				INFOPLIST_KEY_UISupportedInterfaceOrientations_iPad = "UIInterfaceOrientationPortrait UIInterfaceOrientationPortraitUpsideDown UIInterfaceOrientationLandscapeLeft UIInterfaceOrientationLandscapeRight";
				INFOPLIST_KEY_UISupportedInterfaceOrientations_iPhone = "UIInterfaceOrientationPortrait UIInterfaceOrientationLandscapeLeft UIInterfaceOrientationLandscapeRight";
				LD_RUNPATH_SEARCH_PATHS = (
					"$(inherited)",
					"@executable_path/Frameworks",
				);
				MARKETING_VERSION = 1.0;
				PRODUCT_BUNDLE_IDENTIFIER = william3507.NoteUpLoader;
				PRODUCT_NAME = "$(TARGET_NAME)";
				SWIFT_EMIT_LOC_STRINGS = YES;
				SWIFT_VERSION = 5.0;
				TARGETED_DEVICE_FAMILY = "1,2";
			};
			name = Debug;
		};
		9B05E4BA2E82F25D00FC187E /* Release */ = {
			isa = XCBuildConfiguration;
			buildSettings = {
				ASSETCATALOG_COMPILER_APPICON_NAME = AppIcon;
				ASSETCATALOG_COMPILER_GLOBAL_ACCENT_COLOR_NAME = AccentColor;
				CODE_SIGN_STYLE = Automatic;
				CURRENT_PROJECT_VERSION = 1;
				ENABLE_PREVIEWS = YES;
				GENERATE_INFOPLIST_FILE = YES;
				INFOPLIST_KEY_UIApplicationSceneManifest_Generation = YES;
				INFOPLIST_KEY_UIApplicationSupportsIndirectInputEvents = YES;
				INFOPLIST_KEY_UILaunchScreen_Generation = YES;
				INFOPLIST_KEY_UISupportedInterfaceOrientations_iPad = "UIInterfaceOrientationPortrait UIInterfaceOrientationPortraitUpsideDown UIInterfaceOrientationLandscapeLeft UIInterfaceOrientationLandscapeRight";
				INFOPLIST_KEY_UISupportedInterfaceOrientations_iPhone = "UIInterfaceOrientationPortrait UIInterfaceOrientationLandscapeLeft UIInterfaceOrientationLandscapeRight";
				LD_RUNPATH_SEARCH_PATHS = (
					"$(inherited)",
					"@executable_path/Frameworks",
				);
				MARKETING_VERSION = 1.0;
				PRODUCT_BUNDLE_IDENTIFIER = william3507.NoteUpLoader;
				PRODUCT_NAME = "$(TARGET_NAME)";
				SWIFT_EMIT_LOC_STRINGS = YES;
				SWIFT_VERSION = 5.0;
				TARGETED_DEVICE_FAMILY = "1,2";
			};
			name = Release;
		};
		9B05E4BC2E82F25D00FC187E /* Debug */ = {
			isa = XCBuildConfiguration;
			buildSettings = {
				BUNDLE_LOADER = "$(TEST_HOST)";
				CODE_SIGN_STYLE = Automatic;
				CURRENT_PROJECT_VERSION = 1;
				GENERATE_INFOPLIST_FILE = YES;
				IPHONEOS_DEPLOYMENT_TARGET = 18.5;
				MARKETING_VERSION = 1.0;
				PRODUCT_BUNDLE_IDENTIFIER = william3507.NoteUpLoaderTests;
				PRODUCT_NAME = "$(TARGET_NAME)";
				SWIFT_EMIT_LOC_STRINGS = NO;
				SWIFT_VERSION = 5.0;
				TARGETED_DEVICE_FAMILY = "1,2";
				TEST_HOST = "$(BUILT_PRODUCTS_DIR)/NoteUpLoader.app/$(BUNDLE_EXECUTABLE_FOLDER_PATH)/NoteUpLoader";
			};
			name = Debug;
		};
		9B05E4BD2E82F25D00FC187E /* Release */ = {
			isa = XCBuildConfiguration;
			buildSettings = {
				BUNDLE_LOADER = "$(TEST_HOST)";
				CODE_SIGN_STYLE = Automatic;
				CURRENT_PROJECT_VERSION = 1;
				GENERATE_INFOPLIST_FILE = YES;
				IPHONEOS_DEPLOYMENT_TARGET = 18.5;
				MARKETING_VERSION = 1.0;
				PRODUCT_BUNDLE_IDENTIFIER = william3507.NoteUpLoaderTests;
				PRODUCT_NAME = "$(TARGET_NAME)";
				SWIFT_EMIT_LOC_STRINGS = NO;
				SWIFT_VERSION = 5.0;
				TARGETED_DEVICE_FAMILY = "1,2";
				TEST_HOST = "$(BUILT_PRODUCTS_DIR)/NoteUpLoader.app/$(BUNDLE_EXECUTABLE_FOLDER_PATH)/NoteUpLoader";
			};
			name = Release;
		};
		9B05E4BF2E82F25D00FC187E /* Debug */ = {
			isa = XCBuildConfiguration;
			buildSettings = {
				CODE_SIGN_STYLE = Automatic;
				CURRENT_PROJECT_VERSION = 1;
				GENERATE_INFOPLIST_FILE = YES;
				MARKETING_VERSION = 1.0;
				PRODUCT_BUNDLE_IDENTIFIER = william3507.NoteUpLoaderUITests;
				PRODUCT_NAME = "$(TARGET_NAME)";
				SWIFT_EMIT_LOC_STRINGS = NO;
				SWIFT_VERSION = 5.0;
				TARGETED_DEVICE_FAMILY = "1,2";
				TEST_TARGET_NAME = NoteUpLoader;
			};
			name = Debug;
		};
		9B05E4C02E82F25D00FC187E /* Release */ = {
			isa = XCBuildConfiguration;
			buildSettings = {
				CODE_SIGN_STYLE = Automatic;
				CURRENT_PROJECT_VERSION = 1;
				GENERATE_INFOPLIST_FILE = YES;
				MARKETING_VERSION = 1.0;
				PRODUCT_BUNDLE_IDENTIFIER = william3507.NoteUpLoaderUITests;
				PRODUCT_NAME = "$(TARGET_NAME)";
				SWIFT_EMIT_LOC_STRINGS = NO;
				SWIFT_VERSION = 5.0;
				TARGETED_DEVICE_FAMILY = "1,2";
				TEST_TARGET_NAME = NoteUpLoader;
			};
			name = Release;
		};
/* End XCBuildConfiguration section */

/* Begin XCConfigurationList section */
		9B05E4922E82F25A00FC187E /* Build configuration list for PBXProject "NoteUpLoader" */ = {
			isa = XCConfigurationList;
			buildConfigurations = (
				9B05E4B62E82F25D00FC187E /* Debug */,
				9B05E4B72E82F25D00FC187E /* Release */,
			);
			defaultConfigurationIsVisible = 0;
			defaultConfigurationName = Release;
		};
		9B05E4B82E82F25D00FC187E /* Build configuration list for PBXNativeTarget "NoteUpLoader" */ = {
			isa = XCConfigurationList;
			buildConfigurations = (
				9B05E4B92E82F25D00FC187E /* Debug */,
				9B05E4BA2E82F25D00FC187E /* Release */,
			);
			defaultConfigurationIsVisible = 0;
			defaultConfigurationName = Release;
		};
		9B05E4BB2E82F25D00FC187E /* Build configuration list for PBXNativeTarget "NoteUpLoaderTests" */ = {
			isa = XCConfigurationList;
			buildConfigurations = (
				9B05E4BC2E82F25D00FC187E /* Debug */,
				9B05E4BD2E82F25D00FC187E /* Release */,
			);
			defaultConfigurationIsVisible = 0;
			defaultConfigurationName = Release;
		};
		9B05E4BE2E82F25D00FC187E /* Build configuration list for PBXNativeTarget "NoteUpLoaderUITests" */ = {
			isa = XCConfigurationList;
			buildConfigurations = (
				9B05E4BF2E82F25D00FC187E /* Debug */,
				9B05E4C02E82F25D00FC187E /* Release */,
			);
			defaultConfigurationIsVisible = 0;
			defaultConfigurationName = Release;
		};
/* End XCConfigurationList section */
	};
	rootObject = 9B05E48F2E82F25A00FC187E /* Project object */;
}
